
Microsoft Visual Studio Solution File, Format Version 12.00
# Visual Studio 15
VisualStudioVersion = 15.0.26730.15
MinimumVisualStudioVersion = 10.0.40219.1
Project("{FAE04EC0-301F-11D3-BF4B-00C04F79EFBC}") = "CryptoBooz", "CryptoBooz\CryptoBooz.csproj", "{D83148E6-12BE-4C92-814D-C6C806412DCB}"
EndProject
Global
	GlobalSection(SolutionConfigurationPlatforms) = preSolution
		Debug|Any CPU = Debug|Any CPU
		Release|Any CPU = Release|Any CPU
	EndGlobalSection
	GlobalSection(ProjectConfigurationPlatforms) = postSolution
		{D83148E6-12BE-4C92-814D-C6C806412DCB}.Debug|Any CPU.ActiveCfg = Debug|Any CPU
		{D83148E6-12BE-4C92-814D-C6C806412DCB}.Debug|Any CPU.Build.0 = Debug|Any CPU
		{D83148E6-12BE-4C92-814D-C6C806412DCB}.Release|Any CPU.ActiveCfg = Release|Any CPU
		{D83148E6-12BE-4C92-814D-C6C806412DCB}.Release|Any CPU.Build.0 = Release|Any CPU
	EndGlobalSection
	GlobalSection(SolutionProperties) = preSolution
		HideSolutionNode = FALSE
	EndGlobalSection
	GlobalSection(ExtensibilityGlobals) = postSolution
		SolutionGuid = {C6E927C3-75E5-4E4B-BA42-9A6306D9352E}
	EndGlobalSection
EndGlobal
